
Microsoft Visual Studio Solution File, Format Version 12.00
# Visual Studio Version 17
VisualStudioVersion = 17.2.32630.192
MinimumVisualStudioVersion = 10.0.40219.1
Project("{FAE04EC0-301F-11D3-BF4B-00C04F79EFBC}") = "SayHello", "SayHello\SayHello.csproj", "{FFBDD763-C5A8-42BF-B874-DBEE2A2FD1D0}"
EndProject
Project("{FAE04EC0-301F-11D3-BF4B-00C04F79EFBC}") = "Homework2", "Homework2\Homework2.csproj", "{17699584-C323-4041-A5C1-DA3E19780802}"
EndProject
Project("{FAE04EC0-301F-11D3-BF4B-00C04F79EFBC}") = "Homework1", "Homework1\Homework1.csproj", "{14CEF41D-B5FB-43CF-8AD0-C9ED658C11D1}"
EndProject
Project("{FAE04EC0-301F-11D3-BF4B-00C04F79EFBC}") = "Homework3", "Homework3\Homework3.csproj", "{D05B7652-3C2F-4355-9C3B-4EC3DF6789F7}"
EndProject
Global
	GlobalSection(SolutionConfigurationPlatforms) = preSolution
		Debug|Any CPU = Debug|Any CPU
		Release|Any CPU = Release|Any CPU
	EndGlobalSection
	GlobalSection(ProjectConfigurationPlatforms) = postSolution
		{FFBDD763-C5A8-42BF-B874-DBEE2A2FD1D0}.Debug|Any CPU.ActiveCfg = Debug|Any CPU
		{FFBDD763-C5A8-42BF-B874-DBEE2A2FD1D0}.Debug|Any CPU.Build.0 = Debug|Any CPU
		{FFBDD763-C5A8-42BF-B874-DBEE2A2FD1D0}.Release|Any CPU.ActiveCfg = Release|Any CPU
		{FFBDD763-C5A8-42BF-B874-DBEE2A2FD1D0}.Release|Any CPU.Build.0 = Release|Any CPU
		{17699584-C323-4041-A5C1-DA3E19780802}.Debug|Any CPU.ActiveCfg = Debug|Any CPU
		{17699584-C323-4041-A5C1-DA3E19780802}.Debug|Any CPU.Build.0 = Debug|Any CPU
		{17699584-C323-4041-A5C1-DA3E19780802}.Release|Any CPU.ActiveCfg = Release|Any CPU
		{17699584-C323-4041-A5C1-DA3E19780802}.Release|Any CPU.Build.0 = Release|Any CPU
		{14CEF41D-B5FB-43CF-8AD0-C9ED658C11D1}.Debug|Any CPU.ActiveCfg = Debug|Any CPU
		{14CEF41D-B5FB-43CF-8AD0-C9ED658C11D1}.Debug|Any CPU.Build.0 = Debug|Any CPU
		{14CEF41D-B5FB-43CF-8AD0-C9ED658C11D1}.Release|Any CPU.ActiveCfg = Release|Any CPU
		{14CEF41D-B5FB-43CF-8AD0-C9ED658C11D1}.Release|Any CPU.Build.0 = Release|Any CPU
		{D05B7652-3C2F-4355-9C3B-4EC3DF6789F7}.Debug|Any CPU.ActiveCfg = Debug|Any CPU
		{D05B7652-3C2F-4355-9C3B-4EC3DF6789F7}.Debug|Any CPU.Build.0 = Debug|Any CPU
		{D05B7652-3C2F-4355-9C3B-4EC3DF6789F7}.Release|Any CPU.ActiveCfg = Release|Any CPU
		{D05B7652-3C2F-4355-9C3B-4EC3DF6789F7}.Release|Any CPU.Build.0 = Release|Any CPU
	EndGlobalSection
	GlobalSection(SolutionProperties) = preSolution
		HideSolutionNode = FALSE
	EndGlobalSection
	GlobalSection(ExtensibilityGlobals) = postSolution
		SolutionGuid = {97602452-11BC-46E4-8982-BFE65C177E2F}
	EndGlobalSection
EndGlobal
